<?xml version="1.0" encoding="utf-8"?>
<Project ToolsVersion="4.0" xmlns="http://schemas.microsoft.com/developer/msbuild/2003">
  <ItemGroup>
    <Filter Include="Source Files">
      <UniqueIdentifier>{4FC737F1-C7A5-4376-A066-2A32D752A2FF}</UniqueIdentifier>
      <Extensions>cpp;c;cc;cxx;c++;cppm;ixx;def;odl;idl;hpj;bat;asm;asmx</Extensions>
    </Filter>
    <Filter Include="Header Files">
      <UniqueIdentifier>{93995380-89BD-4b04-88EB-625FBE52EBFB}</UniqueIdentifier>
      <Extensions>h;hh;hpp;hxx;h++;hm;inl;inc;ipp;xsd</Extensions>
    </Filter>
    <Filter Include="Resource Files">
      <UniqueIdentifier>{67DA6AB6-F800-4c08-8B7A-83BB121AAD01}</UniqueIdentifier>
      <Extensions>rc;ico;cur;bmp;dlg;rc2;rct;bin;rgs;gif;jpg;jpeg;jpe;resx;tiff;tif;png;wav;mfcribbon-ms</Extensions>
    </Filter>
    <Filter Include="Resource Files\Shaders">
      <UniqueIdentifier>{f0926ba8-bf08-4f95-8451-f133eefbe07f}</UniqueIdentifier>
    </Filter>
    <Filter Include="Header Files\FunctionHeaders">
      <UniqueIdentifier>{38970df7-ebcb-4d3a-80cd-6e73c1e33581}</UniqueIdentifier>
    </Filter>
    <Filter Include="Header Files\GameHeaders">
      <UniqueIdentifier>{e4345088-4591-46eb-b297-e6124ebf547e}</UniqueIdentifier>
    </Filter>
    <Filter Include="Header Files\SDLClasses">
      <UniqueIdentifier>{6f2f964b-518b-4b06-8f94-f61e6ccfd0ca}</UniqueIdentifier>
    </Filter>
    <Filter Include="Header Files\LuaLibraries">
      <UniqueIdentifier>{55137724-4426-49c7-ba24-721a35c1f768}</UniqueIdentifier>
    </Filter>
    <Filter Include="Header Files\LuaLibraries\LuaGraphics_Classes">
      <UniqueIdentifier>{91c948c8-75a4-42e4-8ca7-f168e6599605}</UniqueIdentifier>
    </Filter>
    <Filter Include="Source Files\GraphicsClasses">
      <UniqueIdentifier>{8d5c5739-fa13-4e03-99f6-f10ad11890c8}</UniqueIdentifier>
    </Filter>
    <Filter Include="Header Files\MathClasses">
      <UniqueIdentifier>{66c9dfcf-0f0d-43ea-a9b8-7b254686951d}</UniqueIdentifier>
    </Filter>
    <Filter Include="Resource Files\MiscClassesGlobal">
      <UniqueIdentifier>{d1e19d05-fa6c-432f-9a6d-6c6fbb5f948a}</UniqueIdentifier>
    </Filter>
    <Filter Include="Resource Files\BaseClassesClient">
      <UniqueIdentifier>{7d597f26-7cf7-475d-a7e1-5bfa073e84d7}</UniqueIdentifier>
    </Filter>
    <Filter Include="Resource Files\EnemyClassesClient">
      <UniqueIdentifier>{4d0ef2c4-a683-4c30-ade7-024e27d94617}</UniqueIdentifier>
    </Filter>
    <Filter Include="Resource Files\GameClassesClient">
      <UniqueIdentifier>{cec0a767-2e28-40e7-bd30-3da26d8e882d}</UniqueIdentifier>
    </Filter>
    <Filter Include="Resource Files\ItemClassesClient">
      <UniqueIdentifier>{69e6d3f2-efbc-44dc-8166-2a499abb1672}</UniqueIdentifier>
    </Filter>
    <Filter Include="Resource Files\ItemClassesClient\Equipment">
      <UniqueIdentifier>{5126f157-82a6-428e-a59b-486b4030ab42}</UniqueIdentifier>
    </Filter>
    <Filter Include="Resource Files\ItemClassesClient\Utility">
      <UniqueIdentifier>{fb51a8a8-b5ef-4707-a1eb-a543922c9edf}</UniqueIdentifier>
    </Filter>
    <Filter Include="Resource Files\ItemClassesClient\Material">
      <UniqueIdentifier>{9634c7ae-d236-4a90-a169-99a031ffa752}</UniqueIdentifier>
    </Filter>
    <Filter Include="Resource Files\ItemClassesClient\Weapon">
      <UniqueIdentifier>{99db51d1-34be-43c7-b0a0-b05ece0361bc}</UniqueIdentifier>
    </Filter>
    <Filter Include="Resource Files\ScriptsClient">
      <UniqueIdentifier>{00cac222-322d-445a-91b6-d0bdf15c4a23}</UniqueIdentifier>
    </Filter>
  </ItemGroup>
  <ItemGroup>
    <ClCompile Include="main_client.cpp">
      <Filter>Source Files</Filter>
    </ClCompile>
  </ItemGroup>
  <ItemGroup>
    <ClInclude Include="Network_Client.hpp">
      <Filter>Source Files</Filter>
    </ClInclude>
    <ClInclude Include="Sound_Client.hpp">
      <Filter>Source Files</Filter>
    </ClInclude>
    <ClInclude Include="..\FunctionHeaders\BitOp.hpp">
      <Filter>Header Files\FunctionHeaders</Filter>
    </ClInclude>
    <ClInclude Include="..\FunctionHeaders\Exceptions.hpp">
      <Filter>Header Files\FunctionHeaders</Filter>
    </ClInclude>
    <ClInclude Include="..\FunctionHeaders\File.hpp">
      <Filter>Header Files\FunctionHeaders</Filter>
    </ClInclude>
    <ClInclude Include="..\FunctionHeaders\LuaHelper.hpp">
      <Filter>Header Files\FunctionHeaders</Filter>
    </ClInclude>
    <ClInclude Include="..\FunctionHeaders\Math.hpp">
      <Filter>Header Files\FunctionHeaders</Filter>
    </ClInclude>
    <ClInclude Include="..\FunctionHeaders\Random.hpp">
      <Filter>Header Files\FunctionHeaders</Filter>
    </ClInclude>
    <ClInclude Include="..\FunctionHeaders\StringHelper.hpp">
      <Filter>Header Files\FunctionHeaders</Filter>
    </ClInclude>
    <ClInclude Include="..\FunctionHeaders\TypeHelper.hpp">
      <Filter>Header Files\FunctionHeaders</Filter>
    </ClInclude>
    <ClInclude Include="..\GameHeaders\InputHandler.hpp">
      <Filter>Header Files\GameHeaders</Filter>
    </ClInclude>
    <ClInclude Include="..\define.h">
      <Filter>Header Files</Filter>
    </ClInclude>
    <ClInclude Include="..\Collisions.hpp">
      <Filter>Header Files</Filter>
    </ClInclude>
    <ClInclude Include="..\Memory.hpp">
      <Filter>Header Files</Filter>
    </ClInclude>
    <ClInclude Include="..\pch.h">
      <Filter>Header Files</Filter>
    </ClInclude>
    <ClInclude Include="..\Statistics.hpp">
      <Filter>Header Files</Filter>
    </ClInclude>
    <ClInclude Include="SDLClasses\Window.hpp">
      <Filter>Header Files\SDLClasses</Filter>
    </ClInclude>
    <ClInclude Include="LuaLibraries\LuaNetwork_Client.hpp">
      <Filter>Header Files\LuaLibraries</Filter>
    </ClInclude>
    <ClInclude Include="LuaLibraries\LuaSound_Client.hpp">
      <Filter>Header Files\LuaLibraries</Filter>
    </ClInclude>
    <ClInclude Include="..\LuaLibraries\LuaBuffer.hpp">
      <Filter>Header Files\LuaLibraries</Filter>
    </ClInclude>
    <ClInclude Include="..\LuaLibraries\LuaTask.hpp">
      <Filter>Header Files\LuaLibraries</Filter>
    </ClInclude>
    <ClInclude Include="..\LuaLibraries\LuaVector.hpp">
      <Filter>Header Files\LuaLibraries</Filter>
    </ClInclude>
    <ClInclude Include="..\ConsoleVars.hpp">
      <Filter>Header Files</Filter>
    </ClInclude>
    <ClInclude Include="..\LuaLibraries\LuaEnums.hpp">
      <Filter>Header Files\LuaLibraries</Filter>
    </ClInclude>
    <ClInclude Include="..\LuaLibraries\LuaTable.hpp">
      <Filter>Header Files\LuaLibraries</Filter>
    </ClInclude>
    <ClInclude Include="Graphics_Client.hpp">
      <Filter>Source Files</Filter>
    </ClInclude>
    <ClInclude Include="GraphicsClasses\BaseClassDefinitions.hpp">
      <Filter>Source Files\GraphicsClasses</Filter>
    </ClInclude>
    <ClInclude Include="GraphicsClasses\VertexArray.hpp">
      <Filter>Source Files\GraphicsClasses</Filter>
    </ClInclude>
    <ClInclude Include="..\MathClasses\Vector2.hpp">
      <Filter>Header Files\MathClasses</Filter>
    </ClInclude>
    <ClInclude Include="..\MathClasses\Vector3.hpp">
      <Filter>Header Files\MathClasses</Filter>
    </ClInclude>
    <ClInclude Include="..\MathClasses\Vector4.hpp">
      <Filter>Header Files\MathClasses</Filter>
    </ClInclude>
    <ClInclude Include="..\LuaLibraries\LuaMatrix.hpp">
      <Filter>Header Files\LuaLibraries</Filter>
    </ClInclude>
    <ClInclude Include="..\LuaLibraries\LuaTypeHelper.hpp">
      <Filter>Header Files\LuaLibraries</Filter>
    </ClInclude>
    <ClInclude Include="..\FunctionHeaders\MathTransform.hpp">
      <Filter>Header Files\FunctionHeaders</Filter>
    </ClInclude>
    <ClInclude Include="..\LuaLibraries\LuaGraphics.hpp">
      <Filter>Header Files\LuaLibraries</Filter>
    </ClInclude>
    <ClInclude Include="..\LuaLibraries\LuaInput.hpp">
      <Filter>Header Files\LuaLibraries</Filter>
    </ClInclude>
    <ClInclude Include="..\LuaLibraries\LuaGraphics_Classes\LuaGraphics_BufferBase.hpp">
      <Filter>Header Files\LuaLibraries\LuaGraphics_Classes</Filter>
    </ClInclude>
    <ClInclude Include="..\LuaLibraries\LuaGraphics_Classes\LuaGraphics_ElementBuffer.hpp">
      <Filter>Header Files\LuaLibraries\LuaGraphics_Classes</Filter>
    </ClInclude>
    <ClInclude Include="..\LuaLibraries\LuaGraphics_Classes\LuaGraphics_GLObjectBase.hpp">
      <Filter>Header Files\LuaLibraries\LuaGraphics_Classes</Filter>
    </ClInclude>
    <ClInclude Include="..\LuaLibraries\LuaGraphics_Classes\LuaGraphics_Program.hpp">
      <Filter>Header Files\LuaLibraries\LuaGraphics_Classes</Filter>
    </ClInclude>
    <ClInclude Include="..\LuaLibraries\LuaGraphics_Classes\LuaGraphics_Shader.hpp">
      <Filter>Header Files\LuaLibraries\LuaGraphics_Classes</Filter>
    </ClInclude>
    <ClInclude Include="..\LuaLibraries\LuaGraphics_Classes\LuaGraphics_UniformBuffer.hpp">
      <Filter>Header Files\LuaLibraries\LuaGraphics_Classes</Filter>
    </ClInclude>
    <ClInclude Include="..\LuaLibraries\LuaGraphics_Classes\LuaGraphics_VertexArray.hpp">
      <Filter>Header Files\LuaLibraries\LuaGraphics_Classes</Filter>
    </ClInclude>
    <ClInclude Include="..\LuaLibraries\LuaGraphics_Classes\LuaGraphics_VertexBuffer.hpp">
      <Filter>Header Files\LuaLibraries\LuaGraphics_Classes</Filter>
    </ClInclude>
    <ClInclude Include="..\Lua.hpp">
      <Filter>Source Files</Filter>
    </ClInclude>
    <ClInclude Include="..\LuaLibraries\LuaGraphics_Classes\LuaGraphics_Texture.hpp">
      <Filter>Header Files\LuaLibraries\LuaGraphics_Classes</Filter>
    </ClInclude>
    <ClInclude Include="..\LuaLibraries\LuaSurface.hpp">
      <Filter>Header Files\LuaLibraries</Filter>
    </ClInclude>
    <ClInclude Include="..\Color.hpp">
      <Filter>Header Files</Filter>
    </ClInclude>
    <ClInclude Include="..\LuaLibraries\LuaConsole.hpp">
      <Filter>Header Files\LuaLibraries</Filter>
    </ClInclude>
    <ClInclude Include="..\LuaLibraries\LuaMath.hpp">
      <Filter>Header Files\LuaLibraries</Filter>
    </ClInclude>
    <ClInclude Include="GraphicsClasses\VertexBuffer.hpp">
      <Filter>Source Files\GraphicsClasses</Filter>
    </ClInclude>
    <ClInclude Include="GraphicsClasses\IndexBuffer.hpp">
      <Filter>Source Files\GraphicsClasses</Filter>
    </ClInclude>
    <ClInclude Include="GraphicsClasses\Texture.hpp">
      <Filter>Source Files\GraphicsClasses</Filter>
    </ClInclude>
    <ClInclude Include="GraphicsClasses\VertexShader.hpp">
      <Filter>Source Files\GraphicsClasses</Filter>
    </ClInclude>
    <ClInclude Include="GraphicsClasses\Program.hpp">
      <Filter>Source Files\GraphicsClasses</Filter>
    </ClInclude>
    <ClInclude Include="GraphicsClasses\UniformBuffer.hpp">
      <Filter>Source Files\GraphicsClasses</Filter>
    </ClInclude>
    <ClInclude Include="GraphicsClasses\BufferBase.hpp">
      <Filter>Source Files\GraphicsClasses</Filter>
    </ClInclude>
    <ClInclude Include="GraphicsClasses\FragmentShader.hpp">
      <Filter>Source Files\GraphicsClasses</Filter>
    </ClInclude>
    <ClInclude Include="GraphicsClasses\ShaderBase.hpp">
      <Filter>Source Files\GraphicsClasses</Filter>
    </ClInclude>
    <ClInclude Include="..\MathClasses\Matrix.hpp">
      <Filter>Header Files\MathClasses</Filter>
    </ClInclude>
    <ClInclude Include="..\LuaLibraries\LuaModelLoader.hpp">
      <Filter>Header Files\LuaLibraries</Filter>
    </ClInclude>
    <ClInclude Include="..\MathClasses\Vector.hpp">
      <Filter>Header Files\MathClasses</Filter>
    </ClInclude>
    <ClInclude Include="..\FunctionHeaders\ConfigHandler.hpp">
      <Filter>Header Files\FunctionHeaders</Filter>
    </ClInclude>
    <ClInclude Include="GraphicsClasses\Framebuffer.hpp">
      <Filter>Source Files\GraphicsClasses</Filter>
    </ClInclude>
  </ItemGroup>
  <ItemGroup>
    <None Include="..\Shaders\ColorableShaded.frag">
      <Filter>Resource Files\Shaders</Filter>
    </None>
    <None Include="..\Shaders\Shaded3D.vert">
      <Filter>Resource Files\Shaders</Filter>
    </None>
    <None Include="..\Shaders\ShadedTextureless3D.vert">
      <Filter>Resource Files\Shaders</Filter>
    </None>
    <None Include="..\Shaders\TextureShaded.frag">
      <Filter>Resource Files\Shaders</Filter>
    </None>
    <None Include="..\Shaders\HelloTriangle.frag">
      <Filter>Resource Files\Shaders</Filter>
    </None>
    <None Include="..\Shaders\HelloTriangle.vert">
      <Filter>Resource Files\Shaders</Filter>
    </None>
    <None Include="..\MiscClassesGlobal\BindableEvent.lua">
      <Filter>Resource Files\MiscClassesGlobal</Filter>
    </None>
    <None Include="..\GameClassesClient\Camera.lua">
      <Filter>Resource Files\GameClassesClient</Filter>
    </None>
    <None Include="..\GameClassesClient\Enemies.lua">
      <Filter>Resource Files\GameClassesClient</Filter>
    </None>
    <None Include="..\GameClassesClient\Items.lua">
      <Filter>Resource Files\GameClassesClient</Filter>
    </None>
    <None Include="..\GameClassesClient\Player.lua">
      <Filter>Resource Files\GameClassesClient</Filter>
    </None>
    <None Include="..\EnemyClassesClient\Chik.lua">
      <Filter>Resource Files\EnemyClassesClient</Filter>
    </None>
    <None Include="..\EnemyClassesClient\Glass.lua">
      <Filter>Resource Files\EnemyClassesClient</Filter>
    </None>
    <None Include="..\EnemyClassesClient\Hand.lua">
      <Filter>Resource Files\EnemyClassesClient</Filter>
    </None>
    <None Include="..\EnemyClassesClient\Poopie.lua">
      <Filter>Resource Files\EnemyClassesClient</Filter>
    </None>
    <None Include="..\EnemyClassesClient\Worm.lua">
      <Filter>Resource Files\EnemyClassesClient</Filter>
    </None>
    <None Include="..\BaseClassesClient\EnemyBase.lua">
      <Filter>Resource Files\BaseClassesClient</Filter>
    </None>
    <None Include="..\BaseClassesClient\ItemBase.lua">
      <Filter>Resource Files\BaseClassesClient</Filter>
    </None>
    <None Include="..\ScriptsClient\GameLoop.lua">
      <Filter>Resource Files\ScriptsClient</Filter>
    </None>
    <None Include="..\ItemClassesClient\MacNoCheese.lua">
      <Filter>Resource Files\ItemClassesClient\Weapon</Filter>
    </None>
    <None Include="..\ItemClassesClient\Yoyo.lua">
      <Filter>Resource Files\ItemClassesClient\Weapon</Filter>
    </None>
    <None Include="..\ItemClassesClient\Whip.lua">
      <Filter>Resource Files\ItemClassesClient\Weapon</Filter>
    </None>
    <None Include="..\ItemClassesClient\Rock.lua">
      <Filter>Resource Files\ItemClassesClient\Material</Filter>
    </None>
    <None Include="..\ItemClassesClient\Stick.lua">
      <Filter>Resource Files\ItemClassesClient\Material</Filter>
    </None>
    <None Include="..\ItemClassesClient\WaterBottle.lua">
      <Filter>Resource Files\ItemClassesClient\Utility</Filter>
    </None>
    <None Include="..\ItemClassesClient\Backpack.lua">
      <Filter>Resource Files\ItemClassesClient\Equipment</Filter>
    </None>
    <None Include="..\ItemClassesClient\Boots.lua">
      <Filter>Resource Files\ItemClassesClient\Equipment</Filter>
    </None>
    <None Include="..\ItemClassesClient\Bottle.lua">
      <Filter>Resource Files\ItemClassesClient\Utility</Filter>
    </None>
    <None Include="..\ItemClassesClient\Dagger.lua">
      <Filter>Resource Files\ItemClassesClient\Weapon</Filter>
    </None>
    <None Include="..\ItemClassesClient\DaggerB.lua">
      <Filter>Resource Files\ItemClassesClient\Weapon</Filter>
    </None>
    <None Include="..\ItemClassesClient\DaggerG.lua">
      <Filter>Resource Files\ItemClassesClient\Weapon</Filter>
    </None>
    <None Include="..\ItemClassesClient\DaggerR.lua">
      <Filter>Resource Files\ItemClassesClient\Weapon</Filter>
    </None>
    <None Include="..\ItemClassesClient\DaggerY.lua">
      <Filter>Resource Files\ItemClassesClient\Weapon</Filter>
    </None>
    <None Include="..\ItemClassesClient\Leather.lua">
      <Filter>Resource Files\ItemClassesClient\Material</Filter>
    </None>
    <None Include="..\Shaders\YoyoThrown.frag">
      <Filter>Resource Files\Shaders</Filter>
    </None>
    <None Include="..\Shaders\YoyoThrown.vert">
      <Filter>Resource Files\Shaders</Filter>
    </None>
    <None Include="..\Shaders\LavaShader.frag">
      <Filter>Resource Files\Shaders</Filter>
    </None>
    <None Include="..\defaultClientCfg.json">
      <Filter>Resource Files</Filter>
    </None>
    <None Include="..\defaultServerCfg.json">
      <Filter>Resource Files</Filter>
    </None>
    <None Include="..\defaultGlobalCfg.json">
      <Filter>Resource Files</Filter>
    </None>
    <None Include="..\ItemClassesClient\MetalKicks.lua">
      <Filter>Resource Files\ItemClassesClient\Equipment</Filter>
    </None>
  </ItemGroup>
</Project>