<Solution>
  <Configurations>
    <Platform Name="x64" />
    <Platform Name="x86" />
  </Configurations>
  <Project Path="Client/Client-Cube Cavern++.vcxproj" Id="3f41756a-5fca-459a-9ef5-4d1bd57fe73a">
    <BuildType Solution="Debug|x64" Project="Release" />
  </Project>
  <Project Path="Server/Server-Cube Cavern++.vcxproj" Id="2ea47990-d42b-432e-aeca-a97d32937b0f">
    <BuildType Solution="Debug|x64" Project="Release" />
  </Project>
</Solution>
