<?xml version="1.0" encoding="utf-8"?>
<Project ToolsVersion="4.0" xmlns="http://schemas.microsoft.com/developer/msbuild/2003">
  <ItemGroup>
    <Filter Include="Source Files">
      <UniqueIdentifier>{4FC737F1-C7A5-4376-A066-2A32D752A2FF}</UniqueIdentifier>
      <Extensions>cpp;c;cc;cxx;c++;cppm;ixx;def;odl;idl;hpj;bat;asm;asmx</Extensions>
    </Filter>
    <Filter Include="Header Files">
      <UniqueIdentifier>{93995380-89BD-4b04-88EB-625FBE52EBFB}</UniqueIdentifier>
      <Extensions>h;hh;hpp;hxx;h++;hm;inl;inc;ipp;xsd</Extensions>
    </Filter>
    <Filter Include="Resource Files">
      <UniqueIdentifier>{67DA6AB6-F800-4c08-8B7A-83BB121AAD01}</UniqueIdentifier>
      <Extensions>rc;ico;cur;bmp;dlg;rc2;rct;bin;rgs;gif;jpg;jpeg;jpe;resx;tiff;tif;png;wav;mfcribbon-ms</Extensions>
    </Filter>
    <Filter Include="Resource Files\EnemyClasses">
      <UniqueIdentifier>{4d0ef2c4-a683-4c30-ade7-024e27d94617}</UniqueIdentifier>
    </Filter>
    <Filter Include="Resource Files\ItemClasses">
      <UniqueIdentifier>{69e6d3f2-efbc-44dc-8166-2a499abb1672}</UniqueIdentifier>
    </Filter>
    <Filter Include="Resource Files\Shaders">
      <UniqueIdentifier>{f0926ba8-bf08-4f95-8451-f133eefbe07f}</UniqueIdentifier>
    </Filter>
    <Filter Include="Header Files\FunctionHeaders">
      <UniqueIdentifier>{fc233adb-e84c-4b37-b45e-ca613915adce}</UniqueIdentifier>
    </Filter>
    <Filter Include="Resource Files\BaseClasses">
      <UniqueIdentifier>{7d597f26-7cf7-475d-a7e1-5bfa073e84d7}</UniqueIdentifier>
    </Filter>
    <Filter Include="Header Files\GameClasses">
      <UniqueIdentifier>{4f323cb3-e098-4a06-ad67-38d097c3f434}</UniqueIdentifier>
    </Filter>
    <Filter Include="Resource Files\GameClasses">
      <UniqueIdentifier>{cec0a767-2e28-40e7-bd30-3da26d8e882d}</UniqueIdentifier>
    </Filter>
    <Filter Include="Header Files\LuaLibraries">
      <UniqueIdentifier>{b80108aa-24e3-4e0f-9e84-99b7a25afdf6}</UniqueIdentifier>
    </Filter>
    <Filter Include="Resource Files\Scripts">
      <UniqueIdentifier>{00cac222-322d-445a-91b6-d0bdf15c4a23}</UniqueIdentifier>
    </Filter>
    <Filter Include="Resource Files\MiscClasses">
      <UniqueIdentifier>{d1e19d05-fa6c-432f-9a6d-6c6fbb5f948a}</UniqueIdentifier>
    </Filter>
    <Filter Include="Header Files\LuaLibraries\LuaGraphics_Classes">
      <UniqueIdentifier>{00e455c8-6cf1-41e9-8acd-67673fadf77b}</UniqueIdentifier>
    </Filter>
  </ItemGroup>
  <ItemGroup>
    <ClCompile Include="main.cpp">
      <Filter>Source Files</Filter>
    </ClCompile>
    <ClCompile Include="LuaVector.cpp">
      <Filter>Header Files\LuaLibraries</Filter>
    </ClCompile>
  </ItemGroup>
  <ItemGroup>
    <ClInclude Include="Game.hpp">
      <Filter>Header Files</Filter>
    </ClInclude>
    <ClInclude Include="Vector3.hpp">
      <Filter>Header Files</Filter>
    </ClInclude>
    <ClInclude Include="Vector4.hpp">
      <Filter>Header Files</Filter>
    </ClInclude>
    <ClInclude Include="File.hpp">
      <Filter>Header Files</Filter>
    </ClInclude>
    <ClInclude Include="Math.hpp">
      <Filter>Header Files</Filter>
    </ClInclude>
    <ClInclude Include="Vector2.hpp">
      <Filter>Header Files</Filter>
    </ClInclude>
    <ClInclude Include="define.h">
      <Filter>Header Files</Filter>
    </ClInclude>
    <ClInclude Include="StringHelper.hpp">
      <Filter>Header Files\FunctionHeaders</Filter>
    </ClInclude>
    <ClInclude Include="TypeHelper.hpp">
      <Filter>Header Files\FunctionHeaders</Filter>
    </ClInclude>
    <ClInclude Include="Exceptions.hpp">
      <Filter>Header Files\FunctionHeaders</Filter>
    </ClInclude>
    <ClInclude Include="BitOp.hpp">
      <Filter>Header Files\FunctionHeaders</Filter>
    </ClInclude>
    <ClInclude Include="Window.hpp">
      <Filter>Header Files\GameClasses</Filter>
    </ClInclude>
    <ClInclude Include="Lua.hpp">
      <Filter>Header Files</Filter>
    </ClInclude>
    <ClInclude Include="Statistics.hpp">
      <Filter>Header Files</Filter>
    </ClInclude>
    <ClInclude Include="Memory.hpp">
      <Filter>Header Files</Filter>
    </ClInclude>
    <ClInclude Include="LuaVector.hpp">
      <Filter>Header Files\LuaLibraries</Filter>
    </ClInclude>
    <ClInclude Include="InputHandler.hpp">
      <Filter>Header Files</Filter>
    </ClInclude>
    <ClInclude Include="Random.hpp">
      <Filter>Header Files</Filter>
    </ClInclude>
    <ClInclude Include="LuaGraphics.hpp">
      <Filter>Header Files\LuaLibraries</Filter>
    </ClInclude>
    <ClInclude Include="Sound.hpp">
      <Filter>Header Files\GameClasses</Filter>
    </ClInclude>
    <ClInclude Include="Collisions.hpp">
      <Filter>Header Files</Filter>
    </ClInclude>
    <ClInclude Include="LuaHelper.hpp">
      <Filter>Header Files</Filter>
    </ClInclude>
    <ClInclude Include="LuaInput.hpp">
      <Filter>Header Files</Filter>
    </ClInclude>
    <ClInclude Include="LuaTypeHelper.hpp">
      <Filter>Header Files\LuaLibraries</Filter>
    </ClInclude>
    <ClInclude Include="pch.h">
      <Filter>Source Files</Filter>
    </ClInclude>
    <ClInclude Include="LuaGraphics_BufferBase.hpp">
      <Filter>Header Files\LuaLibraries\LuaGraphics_Classes</Filter>
    </ClInclude>
    <ClInclude Include="LuaGraphics_ElementBuffer.hpp">
      <Filter>Header Files\LuaLibraries\LuaGraphics_Classes</Filter>
    </ClInclude>
    <ClInclude Include="LuaGraphics_GLObjectBase.hpp">
      <Filter>Header Files\LuaLibraries\LuaGraphics_Classes</Filter>
    </ClInclude>
    <ClInclude Include="LuaGraphics_Program.hpp">
      <Filter>Header Files\LuaLibraries\LuaGraphics_Classes</Filter>
    </ClInclude>
    <ClInclude Include="LuaGraphics_Shader.hpp">
      <Filter>Header Files\LuaLibraries\LuaGraphics_Classes</Filter>
    </ClInclude>
    <ClInclude Include="LuaGraphics_VertexArray.hpp">
      <Filter>Header Files\LuaLibraries\LuaGraphics_Classes</Filter>
    </ClInclude>
    <ClInclude Include="LuaGraphics_VertexBuffer.hpp">
      <Filter>Header Files\LuaLibraries\LuaGraphics_Classes</Filter>
    </ClInclude>
    <ClInclude Include="LuaBuffer.hpp">
      <Filter>Header Files\LuaLibraries</Filter>
    </ClInclude>
    <ClInclude Include="LuaSound.hpp">
      <Filter>Header Files\LuaLibraries</Filter>
    </ClInclude>
  </ItemGroup>
  <ItemGroup>
    <None Include="BaseClasses\EnemyBase.lua">
      <Filter>Resource Files\BaseClasses</Filter>
    </None>
    <None Include="BaseClasses\ItemBase.lua">
      <Filter>Resource Files\BaseClasses</Filter>
    </None>
    <None Include="ItemClasses\Stick.lua">
      <Filter>Resource Files\ItemClasses</Filter>
    </None>
    <None Include="ItemClasses\Backpack.lua">
      <Filter>Resource Files\ItemClasses</Filter>
    </None>
    <None Include="ItemClasses\Dagger.lua">
      <Filter>Resource Files\ItemClasses</Filter>
    </None>
    <None Include="ItemClasses\Leather.lua">
      <Filter>Resource Files\ItemClasses</Filter>
    </None>
    <None Include="ItemClasses\Rock.lua">
      <Filter>Resource Files\ItemClasses</Filter>
    </None>
    <None Include="EnemyClasses\Poopie.lua">
      <Filter>Resource Files\EnemyClasses</Filter>
    </None>
    <None Include="EnemyClasses\Glass.lua">
      <Filter>Resource Files\EnemyClasses</Filter>
    </None>
    <None Include="GameClasses\Player.lua">
      <Filter>Resource Files\GameClasses</Filter>
    </None>
    <None Include="GameClasses\Enemies.lua">
      <Filter>Resource Files\GameClasses</Filter>
    </None>
    <None Include="GameClasses\Camera.lua">
      <Filter>Resource Files\GameClasses</Filter>
    </None>
    <None Include="GameClasses\Items.lua">
      <Filter>Resource Files\GameClasses</Filter>
    </None>
    <None Include="Shaders\Shaded3D.vert">
      <Filter>Resource Files\Shaders</Filter>
    </None>
    <None Include="Shaders\TextureShaded.frag">
      <Filter>Resource Files\Shaders</Filter>
    </None>
    <None Include="Shaders\ColorableShaded.frag">
      <Filter>Resource Files\Shaders</Filter>
    </None>
    <None Include="Shaders\ShadedTextureless3D.vert">
      <Filter>Resource Files\Shaders</Filter>
    </None>
    <None Include="MiscClasses\BindableEvent.lua">
      <Filter>Resource Files\MiscClasses</Filter>
    </None>
    <None Include="Scripts\GameLoop.lua">
      <Filter>Resource Files\Scripts</Filter>
    </None>
  </ItemGroup>
</Project>